<?xml version="1.0" encoding="utf-8"?>
<Project ToolsVersion="4.0" xmlns="http://schemas.microsoft.com/developer/msbuild/2003">
  <ItemGroup>
    <ClCompile Include="..\..\src\cybereyetracking\Main.cpp" />
    <ClCompile Include="..\..\src\cybereyetracking\stdafx.cpp" />
    <ClCompile Include="..\..\src\cybereyetracking\EyeTracker.cpp" />
    <ClCompile Include="..\..\src\cybereyetracking\workers\BaseInkWidgetController.cpp">
      <Filter>GameWorkers</Filter>
    </ClCompile>
    <ClCompile Include="..\..\src\cybereyetracking\workers\LoadingGameWorker.cpp">
      <Filter>GameWorkers</Filter>
    </ClCompile>
    <ClCompile Include="..\..\src\cybereyetracking\workers\RadialWheelWorker.cpp">
      <Filter>GameWorkers</Filter>
    </ClCompile>
    <ClCompile Include="..\..\src\cybereyetracking\Utils.cpp" />
    <ClCompile Include="..\..\src\cybereyetracking\workers\CameraPitchWorker.cpp">
      <Filter>GameWorkers</Filter>
    </ClCompile>
  </ItemGroup>
  <ItemGroup>
    <ClInclude Include="..\..\src\cybereyetracking\stdafx.hpp" />
    <ClInclude Include="..\..\src\cybereyetracking\EyeTracker.hpp" />
    <ClInclude Include="..\..\src\cybereyetracking\workers\BaseInkWidgetController.hpp">
      <Filter>GameWorkers</Filter>
    </ClInclude>
    <ClInclude Include="..\..\src\cybereyetracking\workers\LoadingGameWorker.hpp">
      <Filter>GameWorkers</Filter>
    </ClInclude>
    <ClInclude Include="..\..\src\cybereyetracking\workers\RadialWheelWorker.hpp">
      <Filter>GameWorkers</Filter>
    </ClInclude>
    <ClInclude Include="..\..\src\cybereyetracking\Utils.hpp" />
    <ClInclude Include="..\..\src\cybereyetracking\workers\CameraPitchWorker.hpp">
      <Filter>GameWorkers</Filter>
    </ClInclude>
  </ItemGroup>
  <ItemGroup>
    <Filter Include="GameWorkers">
      <UniqueIdentifier>{171e5b52-cf4a-4374-b1a1-964bf111ef13}</UniqueIdentifier>
    </Filter>
  </ItemGroup>
</Project>